
Microsoft Visual Studio Solution File, Format Version 12.00
# Visual Studio 15
Project("{FAE04EC0-301F-11D3-BF4B-00C04F79EFBC}") = "XamJuly.Android", "XamJuly.Android\XamJuly.Android.csproj", "{E48754DB-3E33-4DE0-8C0B-550C660069A5}"
EndProject
Project("{FAE04EC0-301F-11D3-BF4B-00C04F79EFBC}") = "XamJuly.iOS", "XamJuly.iOS\XamJuly.iOS.csproj", "{24F62A33-ACBE-43CB-97B6-69B297B128B5}"
EndProject
Project("{FAE04EC0-301F-11D3-BF4B-00C04F79EFBC}") = "XamJuly", "XamJuly\XamJuly.csproj", "{5B5118D5-F2E5-4EF2-A4A4-B3DE9171F3B0}"
EndProject
Global
	GlobalSection(SolutionConfigurationPlatforms) = preSolution
		Debug|Any CPU = Debug|Any CPU
		Release|Any CPU = Release|Any CPU
		Debug|iPhoneSimulator = Debug|iPhoneSimulator
		Release|iPhoneSimulator = Release|iPhoneSimulator
		Debug|iPhone = Debug|iPhone
		Release|iPhone = Release|iPhone
	EndGlobalSection
	GlobalSection(ProjectConfigurationPlatforms) = postSolution
		{E48754DB-3E33-4DE0-8C0B-550C660069A5}.Debug|Any CPU.ActiveCfg = Debug|Any CPU
		{E48754DB-3E33-4DE0-8C0B-550C660069A5}.Debug|Any CPU.Build.0 = Debug|Any CPU
		{E48754DB-3E33-4DE0-8C0B-550C660069A5}.Release|Any CPU.ActiveCfg = Release|Any CPU
		{E48754DB-3E33-4DE0-8C0B-550C660069A5}.Release|Any CPU.Build.0 = Release|Any CPU
		{E48754DB-3E33-4DE0-8C0B-550C660069A5}.Debug|iPhoneSimulator.ActiveCfg = Debug|Any CPU
		{E48754DB-3E33-4DE0-8C0B-550C660069A5}.Debug|iPhoneSimulator.Build.0 = Debug|Any CPU
		{E48754DB-3E33-4DE0-8C0B-550C660069A5}.Release|iPhoneSimulator.ActiveCfg = Release|Any CPU
		{E48754DB-3E33-4DE0-8C0B-550C660069A5}.Release|iPhoneSimulator.Build.0 = Release|Any CPU
		{E48754DB-3E33-4DE0-8C0B-550C660069A5}.Debug|iPhone.ActiveCfg = Debug|Any CPU
		{E48754DB-3E33-4DE0-8C0B-550C660069A5}.Debug|iPhone.Build.0 = Debug|Any CPU
		{E48754DB-3E33-4DE0-8C0B-550C660069A5}.Release|iPhone.ActiveCfg = Release|Any CPU
		{E48754DB-3E33-4DE0-8C0B-550C660069A5}.Release|iPhone.Build.0 = Release|Any CPU
		{24F62A33-ACBE-43CB-97B6-69B297B128B5}.Debug|Any CPU.ActiveCfg = Debug|iPhoneSimulator
		{24F62A33-ACBE-43CB-97B6-69B297B128B5}.Debug|Any CPU.Build.0 = Debug|iPhoneSimulator
		{24F62A33-ACBE-43CB-97B6-69B297B128B5}.Release|Any CPU.ActiveCfg = Release|iPhoneSimulator
		{24F62A33-ACBE-43CB-97B6-69B297B128B5}.Release|Any CPU.Build.0 = Release|iPhoneSimulator
		{24F62A33-ACBE-43CB-97B6-69B297B128B5}.Debug|iPhoneSimulator.ActiveCfg = Debug|iPhoneSimulator
		{24F62A33-ACBE-43CB-97B6-69B297B128B5}.Debug|iPhoneSimulator.Build.0 = Debug|iPhoneSimulator
		{24F62A33-ACBE-43CB-97B6-69B297B128B5}.Release|iPhoneSimulator.ActiveCfg = Release|iPhoneSimulator
		{24F62A33-ACBE-43CB-97B6-69B297B128B5}.Release|iPhoneSimulator.Build.0 = Release|iPhoneSimulator
		{24F62A33-ACBE-43CB-97B6-69B297B128B5}.Debug|iPhone.ActiveCfg = Debug|iPhone
		{24F62A33-ACBE-43CB-97B6-69B297B128B5}.Debug|iPhone.Build.0 = Debug|iPhone
		{24F62A33-ACBE-43CB-97B6-69B297B128B5}.Release|iPhone.ActiveCfg = Release|iPhone
		{24F62A33-ACBE-43CB-97B6-69B297B128B5}.Release|iPhone.Build.0 = Release|iPhone
		{5B5118D5-F2E5-4EF2-A4A4-B3DE9171F3B0}.Debug|Any CPU.ActiveCfg = Debug|Any CPU
		{5B5118D5-F2E5-4EF2-A4A4-B3DE9171F3B0}.Debug|Any CPU.Build.0 = Debug|Any CPU
		{5B5118D5-F2E5-4EF2-A4A4-B3DE9171F3B0}.Release|Any CPU.ActiveCfg = Release|Any CPU
		{5B5118D5-F2E5-4EF2-A4A4-B3DE9171F3B0}.Release|Any CPU.Build.0 = Release|Any CPU
		{5B5118D5-F2E5-4EF2-A4A4-B3DE9171F3B0}.Debug|iPhoneSimulator.ActiveCfg = Debug|Any CPU
		{5B5118D5-F2E5-4EF2-A4A4-B3DE9171F3B0}.Debug|iPhoneSimulator.Build.0 = Debug|Any CPU
		{5B5118D5-F2E5-4EF2-A4A4-B3DE9171F3B0}.Release|iPhoneSimulator.ActiveCfg = Release|Any CPU
		{5B5118D5-F2E5-4EF2-A4A4-B3DE9171F3B0}.Release|iPhoneSimulator.Build.0 = Release|Any CPU
		{5B5118D5-F2E5-4EF2-A4A4-B3DE9171F3B0}.Debug|iPhone.ActiveCfg = Debug|Any CPU
		{5B5118D5-F2E5-4EF2-A4A4-B3DE9171F3B0}.Debug|iPhone.Build.0 = Debug|Any CPU
		{5B5118D5-F2E5-4EF2-A4A4-B3DE9171F3B0}.Release|iPhone.ActiveCfg = Release|Any CPU
		{5B5118D5-F2E5-4EF2-A4A4-B3DE9171F3B0}.Release|iPhone.Build.0 = Release|Any CPU
	EndGlobalSection
EndGlobal
